// !$*UTF8*$!
{
	archiveVersion = 1;
	classes = {
	};
	objectVersion = 55;
	objects = {

/* Begin PBXBuildFile section */
		AC0FD79C282A6BFA008E0088 /* DevnagriSdk.xcframework in Frameworks */ = {isa = PBXBuildFile; fileRef = AC0FD79A282A6BE4008E0088 /* DevnagriSdk.xcframework */; };
		AC0FD79D282A6BFA008E0088 /* DevnagriSdk.xcframework in Embed Frameworks */ = {isa = PBXBuildFile; fileRef = AC0FD79A282A6BE4008E0088 /* DevnagriSdk.xcframework */; settings = {ATTRIBUTES = (CodeSignOnCopy, RemoveHeadersOnCopy, ); }; };
		AC6420192809523000690A3D /* AppDelegate.swift in Sources */ = {isa = PBXBuildFile; fileRef = AC6420182809523000690A3D /* AppDelegate.swift */; };
		AC64201B2809523000690A3D /* SceneDelegate.swift in Sources */ = {isa = PBXBuildFile; fileRef = AC64201A2809523000690A3D /* SceneDelegate.swift */; };
		AC6420202809523000690A3D /* Main.storyboard in Resources */ = {isa = PBXBuildFile; fileRef = AC64201E2809523000690A3D /* Main.storyboard */; };
		AC6420222809523100690A3D /* Assets.xcassets in Resources */ = {isa = PBXBuildFile; fileRef = AC6420212809523100690A3D /* Assets.xcassets */; };
		AC6420252809523100690A3D /* LaunchScreen.storyboard in Resources */ = {isa = PBXBuildFile; fileRef = AC6420232809523100690A3D /* LaunchScreen.storyboard */; };
		AC64202D2809527500690A3D /* DevnagriDemoVC.swift in Sources */ = {isa = PBXBuildFile; fileRef = AC64202C2809527500690A3D /* DevnagriDemoVC.swift */; };
		AC64202F2809547100690A3D /* SupportingLanguageLIstVC.swift in Sources */ = {isa = PBXBuildFile; fileRef = AC64202E2809547100690A3D /* SupportingLanguageLIstVC.swift */; };
		AC642032280959E900690A3D /* Localizable.strings in Resources */ = {isa = PBXBuildFile; fileRef = AC642034280959E900690A3D /* Localizable.strings */; };
/* End PBXBuildFile section */

/* Begin PBXCopyFilesBuildPhase section */
		AC64203928095B1F00690A3D /* Embed Frameworks */ = {
			isa = PBXCopyFilesBuildPhase;
			buildActionMask = 2147483647;
			dstPath = "";
			dstSubfolderSpec = 10;
			files = (
				AC0FD79D282A6BFA008E0088 /* DevnagriSdk.xcframework in Embed Frameworks */,
			);
			name = "Embed Frameworks";
			runOnlyForDeploymentPostprocessing = 0;
		};
/* End PBXCopyFilesBuildPhase section */

/* Begin PBXFileReference section */
		AC0FD79A282A6BE4008E0088 /* DevnagriSdk.xcframework */ = {isa = PBXFileReference; lastKnownFileType = wrapper.xcframework; path = DevnagriSdk.xcframework; sourceTree = "<group>"; };
		AC6420152809523000690A3D /* DevnagriSdk_demo_project.app */ = {isa = PBXFileReference; explicitFileType = wrapper.application; includeInIndex = 0; path = DevnagriSdk_demo_project.app; sourceTree = BUILT_PRODUCTS_DIR; };
		AC6420182809523000690A3D /* AppDelegate.swift */ = {isa = PBXFileReference; lastKnownFileType = sourcecode.swift; path = AppDelegate.swift; sourceTree = "<group>"; };
		AC64201A2809523000690A3D /* SceneDelegate.swift */ = {isa = PBXFileReference; lastKnownFileType = sourcecode.swift; path = SceneDelegate.swift; sourceTree = "<group>"; };
		AC64201F2809523000690A3D /* Base */ = {isa = PBXFileReference; lastKnownFileType = file.storyboard; name = Base; path = Base.lproj/Main.storyboard; sourceTree = "<group>"; };
		AC6420212809523100690A3D /* Assets.xcassets */ = {isa = PBXFileReference; lastKnownFileType = folder.assetcatalog; path = Assets.xcassets; sourceTree = "<group>"; };
		AC6420242809523100690A3D /* Base */ = {isa = PBXFileReference; lastKnownFileType = file.storyboard; name = Base; path = Base.lproj/LaunchScreen.storyboard; sourceTree = "<group>"; };
		AC6420262809523100690A3D /* Info.plist */ = {isa = PBXFileReference; lastKnownFileType = text.plist.xml; path = Info.plist; sourceTree = "<group>"; };
		AC64202C2809527500690A3D /* DevnagriDemoVC.swift */ = {isa = PBXFileReference; lastKnownFileType = sourcecode.swift; path = DevnagriDemoVC.swift; sourceTree = "<group>"; };
		AC64202E2809547100690A3D /* SupportingLanguageLIstVC.swift */ = {isa = PBXFileReference; lastKnownFileType = sourcecode.swift; path = SupportingLanguageLIstVC.swift; sourceTree = "<group>"; };
		AC642033280959E900690A3D /* en */ = {isa = PBXFileReference; lastKnownFileType = text.plist.strings; name = en; path = en.lproj/Localizable.strings; sourceTree = "<group>"; };
/* End PBXFileReference section */

/* Begin PBXFrameworksBuildPhase section */
		AC6420122809523000690A3D /* Frameworks */ = {
			isa = PBXFrameworksBuildPhase;
			buildActionMask = 2147483647;
			files = (
				AC0FD79C282A6BFA008E0088 /* DevnagriSdk.xcframework in Frameworks */,
			);
			runOnlyForDeploymentPostprocessing = 0;
		};
/* End PBXFrameworksBuildPhase section */

/* Begin PBXGroup section */
		AC64200C2809523000690A3D = {
			isa = PBXGroup;
			children = (
				AC6420172809523000690A3D /* DevnagriSdk_demo_project */,
				AC6420162809523000690A3D /* Products */,
			);
			sourceTree = "<group>";
		};
		AC6420162809523000690A3D /* Products */ = {
			isa = PBXGroup;
			children = (
				AC6420152809523000690A3D /* DevnagriSdk_demo_project.app */,
			);
			name = Products;
			sourceTree = "<group>";
		};
		AC6420172809523000690A3D /* DevnagriSdk_demo_project */ = {
			isa = PBXGroup;
			children = (
				AC0FD79A282A6BE4008E0088 /* DevnagriSdk.xcframework */,
				AC6420182809523000690A3D /* AppDelegate.swift */,
				AC64201A2809523000690A3D /* SceneDelegate.swift */,
				AC64202C2809527500690A3D /* DevnagriDemoVC.swift */,
				AC64202E2809547100690A3D /* SupportingLanguageLIstVC.swift */,
				AC64201E2809523000690A3D /* Main.storyboard */,
				AC6420212809523100690A3D /* Assets.xcassets */,
				AC6420232809523100690A3D /* LaunchScreen.storyboard */,
				AC6420262809523100690A3D /* Info.plist */,
				AC642034280959E900690A3D /* Localizable.strings */,
			);
			path = DevnagriSdk_demo_project;
			sourceTree = "<group>";
		};
/* End PBXGroup section */

/* Begin PBXNativeTarget section */
		AC6420142809523000690A3D /* DevnagriSdk_demo_project */ = {
			isa = PBXNativeTarget;
			buildConfigurationList = AC6420292809523100690A3D /* Build configuration list for PBXNativeTarget "DevnagriSdk_demo_project" */;
			buildPhases = (
				AC6420112809523000690A3D /* Sources */,
				AC6420122809523000690A3D /* Frameworks */,
				AC6420132809523000690A3D /* Resources */,
				AC64203928095B1F00690A3D /* Embed Frameworks */,
			);
			buildRules = (
			);
			dependencies = (
			);
			name = DevnagriSdk_demo_project;
			productName = DevnagriSdk_demo_project;
			productReference = AC6420152809523000690A3D /* DevnagriSdk_demo_project.app */;
			productType = "com.apple.product-type.application";
		};
/* End PBXNativeTarget section */

/* Begin PBXProject section */
		AC64200D2809523000690A3D /* Project object */ = {
			isa = PBXProject;
			attributes = {
				BuildIndependentTargetsInParallel = 1;
				LastSwiftUpdateCheck = 1300;
				LastUpgradeCheck = 1300;
				TargetAttributes = {
					AC6420142809523000690A3D = {
						CreatedOnToolsVersion = 13.0;
					};
				};
			};
			buildConfigurationList = AC6420102809523000690A3D /* Build configuration list for PBXProject "DevnagriSdk_demo_project" */;
			compatibilityVersion = "Xcode 13.0";
			developmentRegion = en;
			hasScannedForEncodings = 0;
			knownRegions = (
				en,
				Base,
			);
			mainGroup = AC64200C2809523000690A3D;
			productRefGroup = AC6420162809523000690A3D /* Products */;
			projectDirPath = "";
			projectRoot = "";
			targets = (
				AC6420142809523000690A3D /* DevnagriSdk_demo_project */,
			);
		};
/* End PBXProject section */

/* Begin PBXResourcesBuildPhase section */
		AC6420132809523000690A3D /* Resources */ = {
			isa = PBXResourcesBuildPhase;
			buildActionMask = 2147483647;
			files = (
				AC6420252809523100690A3D /* LaunchScreen.storyboard in Resources */,
				AC642032280959E900690A3D /* Localizable.strings in Resources */,
				AC6420222809523100690A3D /* Assets.xcassets in Resources */,
				AC6420202809523000690A3D /* Main.storyboard in Resources */,
			);
			runOnlyForDeploymentPostprocessing = 0;
		};
/* End PBXResourcesBuildPhase section */

/* Begin PBXSourcesBuildPhase section */
		AC6420112809523000690A3D /* Sources */ = {
			isa = PBXSourcesBuildPhase;
			buildActionMask = 2147483647;
			files = (
				AC64202D2809527500690A3D /* DevnagriDemoVC.swift in Sources */,
				AC64202F2809547100690A3D /* SupportingLanguageLIstVC.swift in Sources */,
				AC6420192809523000690A3D /* AppDelegate.swift in Sources */,
				AC64201B2809523000690A3D /* SceneDelegate.swift in Sources */,
			);
			runOnlyForDeploymentPostprocessing = 0;
		};
/* End PBXSourcesBuildPhase section */

/* Begin PBXVariantGroup section */
		AC64201E2809523000690A3D /* Main.storyboard */ = {
			isa = PBXVariantGroup;
			children = (
				AC64201F2809523000690A3D /* Base */,
			);
			name = Main.storyboard;
			sourceTree = "<group>";
		};
		AC6420232809523100690A3D /* LaunchScreen.storyboard */ = {
			isa = PBXVariantGroup;
			children = (
				AC6420242809523100690A3D /* Base */,
			);
			name = LaunchScreen.storyboard;
			sourceTree = "<group>";
		};
		AC642034280959E900690A3D /* Localizable.strings */ = {
			isa = PBXVariantGroup;
			children = (
				AC642033280959E900690A3D /* en */,
			);
			name = Localizable.strings;
			sourceTree = "<group>";
		};
/* End PBXVariantGroup section */

/* Begin XCBuildConfiguration section */
		AC6420272809523100690A3D /* Debug */ = {
			isa = XCBuildConfiguration;
			buildSettings = {
				ALWAYS_SEARCH_USER_PATHS = NO;
				CLANG_ANALYZER_NONNULL = YES;
				CLANG_ANALYZER_NUMBER_OBJECT_CONVERSION = YES_AGGRESSIVE;
				CLANG_CXX_LANGUAGE_STANDARD = "gnu++17";
				CLANG_CXX_LIBRARY = "libc++";
				CLANG_ENABLE_MODULES = YES;
				CLANG_ENABLE_OBJC_ARC = YES;
				CLANG_ENABLE_OBJC_WEAK = YES;
				CLANG_WARN_BLOCK_CAPTURE_AUTORELEASING = YES;
				CLANG_WARN_BOOL_CONVERSION = YES;
				CLANG_WARN_COMMA = YES;
				CLANG_WARN_CONSTANT_CONVERSION = YES;
				CLANG_WARN_DEPRECATED_OBJC_IMPLEMENTATIONS = YES;
				CLANG_WARN_DIRECT_OBJC_ISA_USAGE = YES_ERROR;
				CLANG_WARN_DOCUMENTATION_COMMENTS = YES;
				CLANG_WARN_EMPTY_BODY = YES;
				CLANG_WARN_ENUM_CONVERSION = YES;
				CLANG_WARN_INFINITE_RECURSION = YES;
				CLANG_WARN_INT_CONVERSION = YES;
				CLANG_WARN_NON_LITERAL_NULL_CONVERSION = YES;
				CLANG_WARN_OBJC_IMPLICIT_RETAIN_SELF = YES;
				CLANG_WARN_OBJC_LITERAL_CONVERSION = YES;
				CLANG_WARN_OBJC_ROOT_CLASS = YES_ERROR;
				CLANG_WARN_QUOTED_INCLUDE_IN_FRAMEWORK_HEADER = YES;
				CLANG_WARN_RANGE_LOOP_ANALYSIS = YES;
				CLANG_WARN_STRICT_PROTOTYPES = YES;
				CLANG_WARN_SUSPICIOUS_MOVE = YES;
				CLANG_WARN_UNGUARDED_AVAILABILITY = YES_AGGRESSIVE;
				CLANG_WARN_UNREACHABLE_CODE = YES;
				CLANG_WARN__DUPLICATE_METHOD_MATCH = YES;
				COPY_PHASE_STRIP = NO;
				DEBUG_INFORMATION_FORMAT = dwarf;
				ENABLE_STRICT_OBJC_MSGSEND = YES;
				ENABLE_TESTABILITY = YES;
				GCC_C_LANGUAGE_STANDARD = gnu11;
				GCC_DYNAMIC_NO_PIC = NO;
				GCC_NO_COMMON_BLOCKS = YES;
				GCC_OPTIMIZATION_LEVEL = 0;
				GCC_PREPROCESSOR_DEFINITIONS = (
					"DEBUG=1",
					"$(inherited)",
				);
				GCC_WARN_64_TO_32_BIT_CONVERSION = YES;
				GCC_WARN_ABOUT_RETURN_TYPE = YES_ERROR;
				GCC_WARN_UNDECLARED_SELECTOR = YES;
				GCC_WARN_UNINITIALIZED_AUTOS = YES_AGGRESSIVE;
				GCC_WARN_UNUSED_FUNCTION = YES;
				GCC_WARN_UNUSED_VARIABLE = YES;
				IPHONEOS_DEPLOYMENT_TARGET = 15.0;
				MTL_ENABLE_DEBUG_INFO = INCLUDE_SOURCE;
				MTL_FAST_MATH = YES;
				ONLY_ACTIVE_ARCH = YES;
				SDKROOT = iphoneos;
				SWIFT_ACTIVE_COMPILATION_CONDITIONS = DEBUG;
				SWIFT_OPTIMIZATION_LEVEL = "-Onone";
			};
			name = Debug;
		};
		AC6420282809523100690A3D /* Release */ = {
			isa = XCBuildConfiguration;
			buildSettings = {
				ALWAYS_SEARCH_USER_PATHS = NO;
				CLANG_ANALYZER_NONNULL = YES;
				CLANG_ANALYZER_NUMBER_OBJECT_CONVERSION = YES_AGGRESSIVE;
				CLANG_CXX_LANGUAGE_STANDARD = "gnu++17";
				CLANG_CXX_LIBRARY = "libc++";
				CLANG_ENABLE_MODULES = YES;
				CLANG_ENABLE_OBJC_ARC = YES;
				CLANG_ENABLE_OBJC_WEAK = YES;
				CLANG_WARN_BLOCK_CAPTURE_AUTORELEASING = YES;
				CLANG_WARN_BOOL_CONVERSION = YES;
				CLANG_WARN_COMMA = YES;
				CLANG_WARN_CONSTANT_CONVERSION = YES;
				CLANG_WARN_DEPRECATED_OBJC_IMPLEMENTATIONS = YES;
				CLANG_WARN_DIRECT_OBJC_ISA_USAGE = YES_ERROR;
				CLANG_WARN_DOCUMENTATION_COMMENTS = YES;
				CLANG_WARN_EMPTY_BODY = YES;
				CLANG_WARN_ENUM_CONVERSION = YES;
				CLANG_WARN_INFINITE_RECURSION = YES;
				CLANG_WARN_INT_CONVERSION = YES;
				CLANG_WARN_NON_LITERAL_NULL_CONVERSION = YES;
				CLANG_WARN_OBJC_IMPLICIT_RETAIN_SELF = YES;
				CLANG_WARN_OBJC_LITERAL_CONVERSION = YES;
				CLANG_WARN_OBJC_ROOT_CLASS = YES_ERROR;
				CLANG_WARN_QUOTED_INCLUDE_IN_FRAMEWORK_HEADER = YES;
				CLANG_WARN_RANGE_LOOP_ANALYSIS = YES;
				CLANG_WARN_STRICT_PROTOTYPES = YES;
				CLANG_WARN_SUSPICIOUS_MOVE = YES;
				CLANG_WARN_UNGUARDED_AVAILABILITY = YES_AGGRESSIVE;
				CLANG_WARN_UNREACHABLE_CODE = YES;
				CLANG_WARN__DUPLICATE_METHOD_MATCH = YES;
				COPY_PHASE_STRIP = NO;
				DEBUG_INFORMATION_FORMAT = "dwarf-with-dsym";
				ENABLE_NS_ASSERTIONS = NO;
				ENABLE_STRICT_OBJC_MSGSEND = YES;
				GCC_C_LANGUAGE_STANDARD = gnu11;
				GCC_NO_COMMON_BLOCKS = YES;
				GCC_WARN_64_TO_32_BIT_CONVERSION = YES;
				GCC_WARN_ABOUT_RETURN_TYPE = YES_ERROR;
				GCC_WARN_UNDECLARED_SELECTOR = YES;
				GCC_WARN_UNINITIALIZED_AUTOS = YES_AGGRESSIVE;
				GCC_WARN_UNUSED_FUNCTION = YES;
				GCC_WARN_UNUSED_VARIABLE = YES;
				IPHONEOS_DEPLOYMENT_TARGET = 15.0;
				MTL_ENABLE_DEBUG_INFO = NO;
				MTL_FAST_MATH = YES;
				SDKROOT = iphoneos;
				SWIFT_COMPILATION_MODE = wholemodule;
				SWIFT_OPTIMIZATION_LEVEL = "-O";
				VALIDATE_PRODUCT = YES;
			};
			name = Release;
		};
		AC64202A2809523100690A3D /* Debug */ = {
			isa = XCBuildConfiguration;
			buildSettings = {
				ASSETCATALOG_COMPILER_APPICON_NAME = AppIcon;
				ASSETCATALOG_COMPILER_GLOBAL_ACCENT_COLOR_NAME = AccentColor;
				CODE_SIGN_STYLE = Automatic;
				CURRENT_PROJECT_VERSION = 1;
				DEVELOPMENT_TEAM = KTU699AJZH;
				GENERATE_INFOPLIST_FILE = YES;
				INFOPLIST_FILE = DevnagriSdk_demo_project/Info.plist;
				INFOPLIST_KEY_UIApplicationSupportsIndirectInputEvents = YES;
				INFOPLIST_KEY_UILaunchStoryboardName = LaunchScreen;
				INFOPLIST_KEY_UIMainStoryboardFile = Main;
				INFOPLIST_KEY_UISupportedInterfaceOrientations_iPad = "UIInterfaceOrientationPortrait UIInterfaceOrientationPortraitUpsideDown UIInterfaceOrientationLandscapeLeft UIInterfaceOrientationLandscapeRight";
				INFOPLIST_KEY_UISupportedInterfaceOrientations_iPhone = "UIInterfaceOrientationPortrait UIInterfaceOrientationLandscapeLeft UIInterfaceOrientationLandscapeRight";
				LD_RUNPATH_SEARCH_PATHS = (
					"$(inherited)",
					"@executable_path/Frameworks",
				);
				MARKETING_VERSION = 1.0;
				PRODUCT_BUNDLE_IDENTIFIER = com.devnagri.test;
				PRODUCT_NAME = "$(TARGET_NAME)";
				SWIFT_EMIT_LOC_STRINGS = YES;
				SWIFT_VERSION = 5.0;
				TARGETED_DEVICE_FAMILY = "1,2";
			};
			name = Debug;
		};
		AC64202B2809523100690A3D /* Release */ = {
			isa = XCBuildConfiguration;
			buildSettings = {
				ASSETCATALOG_COMPILER_APPICON_NAME = AppIcon;
				ASSETCATALOG_COMPILER_GLOBAL_ACCENT_COLOR_NAME = AccentColor;
				CODE_SIGN_STYLE = Automatic;
				CURRENT_PROJECT_VERSION = 1;
				DEVELOPMENT_TEAM = KTU699AJZH;
				GENERATE_INFOPLIST_FILE = YES;
				INFOPLIST_FILE = DevnagriSdk_demo_project/Info.plist;
				INFOPLIST_KEY_UIApplicationSupportsIndirectInputEvents = YES;
				INFOPLIST_KEY_UILaunchStoryboardName = LaunchScreen;
				INFOPLIST_KEY_UIMainStoryboardFile = Main;
				INFOPLIST_KEY_UISupportedInterfaceOrientations_iPad = "UIInterfaceOrientationPortrait UIInterfaceOrientationPortraitUpsideDown UIInterfaceOrientationLandscapeLeft UIInterfaceOrientationLandscapeRight";
				INFOPLIST_KEY_UISupportedInterfaceOrientations_iPhone = "UIInterfaceOrientationPortrait UIInterfaceOrientationLandscapeLeft UIInterfaceOrientationLandscapeRight";
				LD_RUNPATH_SEARCH_PATHS = (
					"$(inherited)",
					"@executable_path/Frameworks",
				);
				MARKETING_VERSION = 1.0;
				PRODUCT_BUNDLE_IDENTIFIER = com.devnagri.test;
				PRODUCT_NAME = "$(TARGET_NAME)";
				SWIFT_EMIT_LOC_STRINGS = YES;
				SWIFT_VERSION = 5.0;
				TARGETED_DEVICE_FAMILY = "1,2";
			};
			name = Release;
		};
/* End XCBuildConfiguration section */

/* Begin XCConfigurationList section */
		AC6420102809523000690A3D /* Build configuration list for PBXProject "DevnagriSdk_demo_project" */ = {
			isa = XCConfigurationList;
			buildConfigurations = (
				AC6420272809523100690A3D /* Debug */,
				AC6420282809523100690A3D /* Release */,
			);
			defaultConfigurationIsVisible = 0;
			defaultConfigurationName = Release;
		};
		AC6420292809523100690A3D /* Build configuration list for PBXNativeTarget "DevnagriSdk_demo_project" */ = {
			isa = XCConfigurationList;
			buildConfigurations = (
				AC64202A2809523100690A3D /* Debug */,
				AC64202B2809523100690A3D /* Release */,
			);
			defaultConfigurationIsVisible = 0;
			defaultConfigurationName = Release;
		};
/* End XCConfigurationList section */
	};
	rootObject = AC64200D2809523000690A3D /* Project object */;
}
